// !$*UTF8*$!
{
	archiveVersion = 1;
	classes = {
	};
	objectVersion = 56;
	objects = {

/* Begin PBXBuildFile section */
		F40E64902C76C7880056C9DC /* ResponsiveView.swift in Sources */ = {isa = PBXBuildFile; fileRef = F40E648F2C76C7880056C9DC /* ResponsiveView.swift */; };
		F40E64922C76CBF50056C9DC /* Home.swift in Sources */ = {isa = PBXBuildFile; fileRef = F40E64912C76CBF50056C9DC /* Home.swift */; };
		F40E64972C76E8200056C9DC /* Info.swift in Sources */ = {isa = PBXBuildFile; fileRef = F40E64962C76E8200056C9DC /* Info.swift */; };
		F41D6E6D2C7043BE00E42466 /* GoogleService-Info.plist in Resources */ = {isa = PBXBuildFile; fileRef = F41D6E6C2C7043BE00E42466 /* GoogleService-Info.plist */; };
		F41D6E702C7044A600E42466 /* LoginScreen.swift in Sources */ = {isa = PBXBuildFile; fileRef = F41D6E6F2C7044A600E42466 /* LoginScreen.swift */; };
		F41D6E732C70452100E42466 /* CustomButton.swift in Sources */ = {isa = PBXBuildFile; fileRef = F41D6E722C70452100E42466 /* CustomButton.swift */; };
		F41D6E772C70454100E42466 /* GoogleSiginBtn.swift in Sources */ = {isa = PBXBuildFile; fileRef = F41D6E742C70454100E42466 /* GoogleSiginBtn.swift */; };
		F41D6E782C70454100E42466 /* CustomTextfield.swift in Sources */ = {isa = PBXBuildFile; fileRef = F41D6E752C70454100E42466 /* CustomTextfield.swift */; };
		F41D6E792C70454100E42466 /* LoginHeader.swift in Sources */ = {isa = PBXBuildFile; fileRef = F41D6E762C70454100E42466 /* LoginHeader.swift */; };
		F41D6E7C2C7048A500E42466 /* FirebaseAuth in Frameworks */ = {isa = PBXBuildFile; productRef = F41D6E7B2C7048A500E42466 /* FirebaseAuth */; };
		F41D6E7F2C7048EC00E42466 /* AppDelegate.swift in Sources */ = {isa = PBXBuildFile; fileRef = F41D6E7E2C7048EC00E42466 /* AppDelegate.swift */; };
		F41D6E822C704A6D00E42466 /* GoogleSignIn in Frameworks */ = {isa = PBXBuildFile; productRef = F41D6E812C704A6D00E42466 /* GoogleSignIn */; };
		F41D6E842C704A6D00E42466 /* GoogleSignInSwift in Frameworks */ = {isa = PBXBuildFile; productRef = F41D6E832C704A6D00E42466 /* GoogleSignInSwift */; };
		F41D6E862C704D2900E42466 /* +View.swift in Sources */ = {isa = PBXBuildFile; fileRef = F41D6E852C704D2900E42466 /* +View.swift */; };
		F4B8C80B2C6C9EED00EE4A61 /* studyrecord01App.swift in Sources */ = {isa = PBXBuildFile; fileRef = F4B8C80A2C6C9EED00EE4A61 /* studyrecord01App.swift */; };
		F4B8C80D2C6C9EED00EE4A61 /* ContentView.swift in Sources */ = {isa = PBXBuildFile; fileRef = F4B8C80C2C6C9EED00EE4A61 /* ContentView.swift */; };
		F4B8C80F2C6C9EEE00EE4A61 /* Assets.xcassets in Resources */ = {isa = PBXBuildFile; fileRef = F4B8C80E2C6C9EEE00EE4A61 /* Assets.xcassets */; };
		F4B8C8132C6C9EEE00EE4A61 /* Preview Assets.xcassets in Resources */ = {isa = PBXBuildFile; fileRef = F4B8C8122C6C9EEE00EE4A61 /* Preview Assets.xcassets */; };
		F4B8C81D2C6C9EEE00EE4A61 /* studyrecord01Tests.swift in Sources */ = {isa = PBXBuildFile; fileRef = F4B8C81C2C6C9EEE00EE4A61 /* studyrecord01Tests.swift */; };
		F4B8C8272C6C9EEE00EE4A61 /* studyrecord01UITests.swift in Sources */ = {isa = PBXBuildFile; fileRef = F4B8C8262C6C9EEE00EE4A61 /* studyrecord01UITests.swift */; };
		F4B8C8292C6C9EEE00EE4A61 /* studyrecord01UITestsLaunchTests.swift in Sources */ = {isa = PBXBuildFile; fileRef = F4B8C8282C6C9EEE00EE4A61 /* studyrecord01UITestsLaunchTests.swift */; };
		F4B8C8362C6C9F5200EE4A61 /* Models.swift in Sources */ = {isa = PBXBuildFile; fileRef = F4B8C8352C6C9F5200EE4A61 /* Models.swift */; };
		F4B8C8382C6CA01000EE4A61 /* ViewModel.swift in Sources */ = {isa = PBXBuildFile; fileRef = F4B8C8372C6CA01000EE4A61 /* ViewModel.swift */; };
		F4B8C83A2C6CB35000EE4A61 /* NewPostView.swift in Sources */ = {isa = PBXBuildFile; fileRef = F4B8C8392C6CB35000EE4A61 /* NewPostView.swift */; };
		F4B8C83C2C6CEF1000EE4A61 /* DetailView.swift in Sources */ = {isa = PBXBuildFile; fileRef = F4B8C83B2C6CEF1000EE4A61 /* DetailView.swift */; };
/* End PBXBuildFile section */

/* Begin PBXContainerItemProxy section */
		F4B8C8192C6C9EEE00EE4A61 /* PBXContainerItemProxy */ = {
			isa = PBXContainerItemProxy;
			containerPortal = F4B8C7FF2C6C9EED00EE4A61 /* Project object */;
			proxyType = 1;
			remoteGlobalIDString = F4B8C8062C6C9EED00EE4A61;
			remoteInfo = studyrecord01;
		};
		F4B8C8232C6C9EEE00EE4A61 /* PBXContainerItemProxy */ = {
			isa = PBXContainerItemProxy;
			containerPortal = F4B8C7FF2C6C9EED00EE4A61 /* Project object */;
			proxyType = 1;
			remoteGlobalIDString = F4B8C8062C6C9EED00EE4A61;
			remoteInfo = studyrecord01;
		};
/* End PBXContainerItemProxy section */

/* Begin PBXFileReference section */
		F40E648F2C76C7880056C9DC /* ResponsiveView.swift */ = {isa = PBXFileReference; lastKnownFileType = sourcecode.swift; path = ResponsiveView.swift; sourceTree = "<group>"; };
		F40E64912C76CBF50056C9DC /* Home.swift */ = {isa = PBXFileReference; lastKnownFileType = sourcecode.swift; path = Home.swift; sourceTree = "<group>"; };
		F40E64962C76E8200056C9DC /* Info.swift */ = {isa = PBXFileReference; lastKnownFileType = sourcecode.swift; path = Info.swift; sourceTree = "<group>"; };
		F41D6E6C2C7043BE00E42466 /* GoogleService-Info.plist */ = {isa = PBXFileReference; fileEncoding = 4; lastKnownFileType = text.plist.xml; path = "GoogleService-Info.plist"; sourceTree = "<group>"; };
		F41D6E6F2C7044A600E42466 /* LoginScreen.swift */ = {isa = PBXFileReference; lastKnownFileType = sourcecode.swift; path = LoginScreen.swift; sourceTree = "<group>"; };
		F41D6E722C70452100E42466 /* CustomButton.swift */ = {isa = PBXFileReference; fileEncoding = 4; lastKnownFileType = sourcecode.swift; path = CustomButton.swift; sourceTree = "<group>"; };
		F41D6E742C70454100E42466 /* GoogleSiginBtn.swift */ = {isa = PBXFileReference; fileEncoding = 4; lastKnownFileType = sourcecode.swift; path = GoogleSiginBtn.swift; sourceTree = "<group>"; };
		F41D6E752C70454100E42466 /* CustomTextfield.swift */ = {isa = PBXFileReference; fileEncoding = 4; lastKnownFileType = sourcecode.swift; path = CustomTextfield.swift; sourceTree = "<group>"; };
		F41D6E762C70454100E42466 /* LoginHeader.swift */ = {isa = PBXFileReference; fileEncoding = 4; lastKnownFileType = sourcecode.swift; path = LoginHeader.swift; sourceTree = "<group>"; };
		F41D6E7E2C7048EC00E42466 /* AppDelegate.swift */ = {isa = PBXFileReference; lastKnownFileType = sourcecode.swift; path = AppDelegate.swift; sourceTree = "<group>"; };
		F41D6E852C704D2900E42466 /* +View.swift */ = {isa = PBXFileReference; lastKnownFileType = sourcecode.swift; path = "+View.swift"; sourceTree = "<group>"; };
		F4B8C8072C6C9EED00EE4A61 /* studyrecord01.app */ = {isa = PBXFileReference; explicitFileType = wrapper.application; includeInIndex = 0; path = studyrecord01.app; sourceTree = BUILT_PRODUCTS_DIR; };
		F4B8C80A2C6C9EED00EE4A61 /* studyrecord01App.swift */ = {isa = PBXFileReference; lastKnownFileType = sourcecode.swift; path = studyrecord01App.swift; sourceTree = "<group>"; };
		F4B8C80C2C6C9EED00EE4A61 /* ContentView.swift */ = {isa = PBXFileReference; lastKnownFileType = sourcecode.swift; path = ContentView.swift; sourceTree = "<group>"; };
		F4B8C80E2C6C9EEE00EE4A61 /* Assets.xcassets */ = {isa = PBXFileReference; lastKnownFileType = folder.assetcatalog; path = Assets.xcassets; sourceTree = "<group>"; };
		F4B8C8102C6C9EEE00EE4A61 /* studyrecord01.entitlements */ = {isa = PBXFileReference; lastKnownFileType = text.plist.entitlements; path = studyrecord01.entitlements; sourceTree = "<group>"; };
		F4B8C8122C6C9EEE00EE4A61 /* Preview Assets.xcassets */ = {isa = PBXFileReference; lastKnownFileType = folder.assetcatalog; path = "Preview Assets.xcassets"; sourceTree = "<group>"; };
		F4B8C8182C6C9EEE00EE4A61 /* studyrecord01Tests.xctest */ = {isa = PBXFileReference; explicitFileType = wrapper.cfbundle; includeInIndex = 0; path = studyrecord01Tests.xctest; sourceTree = BUILT_PRODUCTS_DIR; };
		F4B8C81C2C6C9EEE00EE4A61 /* studyrecord01Tests.swift */ = {isa = PBXFileReference; lastKnownFileType = sourcecode.swift; path = studyrecord01Tests.swift; sourceTree = "<group>"; };
		F4B8C8222C6C9EEE00EE4A61 /* studyrecord01UITests.xctest */ = {isa = PBXFileReference; explicitFileType = wrapper.cfbundle; includeInIndex = 0; path = studyrecord01UITests.xctest; sourceTree = BUILT_PRODUCTS_DIR; };
		F4B8C8262C6C9EEE00EE4A61 /* studyrecord01UITests.swift */ = {isa = PBXFileReference; lastKnownFileType = sourcecode.swift; path = studyrecord01UITests.swift; sourceTree = "<group>"; };
		F4B8C8282C6C9EEE00EE4A61 /* studyrecord01UITestsLaunchTests.swift */ = {isa = PBXFileReference; lastKnownFileType = sourcecode.swift; path = studyrecord01UITestsLaunchTests.swift; sourceTree = "<group>"; };
		F4B8C8352C6C9F5200EE4A61 /* Models.swift */ = {isa = PBXFileReference; lastKnownFileType = sourcecode.swift; path = Models.swift; sourceTree = "<group>"; };
		F4B8C8372C6CA01000EE4A61 /* ViewModel.swift */ = {isa = PBXFileReference; lastKnownFileType = sourcecode.swift; path = ViewModel.swift; sourceTree = "<group>"; };
		F4B8C8392C6CB35000EE4A61 /* NewPostView.swift */ = {isa = PBXFileReference; lastKnownFileType = sourcecode.swift; path = NewPostView.swift; sourceTree = "<group>"; };
		F4B8C83B2C6CEF1000EE4A61 /* DetailView.swift */ = {isa = PBXFileReference; lastKnownFileType = sourcecode.swift; path = DetailView.swift; sourceTree = "<group>"; };
		F4B8C83F2C6CF6E400EE4A61 /* Info.plist */ = {isa = PBXFileReference; lastKnownFileType = text.plist; path = Info.plist; sourceTree = "<group>"; };
/* End PBXFileReference section */

/* Begin PBXFrameworksBuildPhase section */
		F4B8C8042C6C9EED00EE4A61 /* Frameworks */ = {
			isa = PBXFrameworksBuildPhase;
			buildActionMask = 2147483647;
			files = (
				F41D6E842C704A6D00E42466 /* GoogleSignInSwift in Frameworks */,
				F41D6E7C2C7048A500E42466 /* FirebaseAuth in Frameworks */,
				F41D6E822C704A6D00E42466 /* GoogleSignIn in Frameworks */,
			);
			runOnlyForDeploymentPostprocessing = 0;
		};
		F4B8C8152C6C9EEE00EE4A61 /* Frameworks */ = {
			isa = PBXFrameworksBuildPhase;
			buildActionMask = 2147483647;
			files = (
			);
			runOnlyForDeploymentPostprocessing = 0;
		};
		F4B8C81F2C6C9EEE00EE4A61 /* Frameworks */ = {
			isa = PBXFrameworksBuildPhase;
			buildActionMask = 2147483647;
			files = (
			);
			runOnlyForDeploymentPostprocessing = 0;
		};
/* End PBXFrameworksBuildPhase section */

/* Begin PBXGroup section */
		F40E64952C76E7F90056C9DC /* Model */ = {
			isa = PBXGroup;
			children = (
				F4B8C8352C6C9F5200EE4A61 /* Models.swift */,
				F40E64962C76E8200056C9DC /* Info.swift */,
			);
			path = Model;
			sourceTree = "<group>";
		};
		F41D6E6E2C70448900E42466 /* Screen */ = {
			isa = PBXGroup;
			children = (
				F41D6E6F2C7044A600E42466 /* LoginScreen.swift */,
			);
			path = Screen;
			sourceTree = "<group>";
		};
		F41D6E712C7044FD00E42466 /* View */ = {
			isa = PBXGroup;
			children = (
				F41D6E722C70452100E42466 /* CustomButton.swift */,
				F41D6E752C70454100E42466 /* CustomTextfield.swift */,
				F41D6E742C70454100E42466 /* GoogleSiginBtn.swift */,
				F41D6E762C70454100E42466 /* LoginHeader.swift */,
				F40E648F2C76C7880056C9DC /* ResponsiveView.swift */,
				F40E64912C76CBF50056C9DC /* Home.swift */,
			);
			path = View;
			sourceTree = "<group>";
		};
		F41D6E7D2C7048D600E42466 /* Helper */ = {
			isa = PBXGroup;
			children = (
				F41D6E7E2C7048EC00E42466 /* AppDelegate.swift */,
				F41D6E852C704D2900E42466 /* +View.swift */,
			);
			path = Helper;
			sourceTree = "<group>";
		};
		F4B8C7FE2C6C9EED00EE4A61 = {
			isa = PBXGroup;
			children = (
				F41D6E6C2C7043BE00E42466 /* GoogleService-Info.plist */,
				F4B8C8092C6C9EED00EE4A61 /* studyrecord01 */,
				F4B8C81B2C6C9EEE00EE4A61 /* studyrecord01Tests */,
				F4B8C8252C6C9EEE00EE4A61 /* studyrecord01UITests */,
				F4B8C8082C6C9EED00EE4A61 /* Products */,
			);
			sourceTree = "<group>";
		};
		F4B8C8082C6C9EED00EE4A61 /* Products */ = {
			isa = PBXGroup;
			children = (
				F4B8C8072C6C9EED00EE4A61 /* studyrecord01.app */,
				F4B8C8182C6C9EEE00EE4A61 /* studyrecord01Tests.xctest */,
				F4B8C8222C6C9EEE00EE4A61 /* studyrecord01UITests.xctest */,
			);
			name = Products;
			sourceTree = "<group>";
		};
		F4B8C8092C6C9EED00EE4A61 /* studyrecord01 */ = {
			isa = PBXGroup;
			children = (
				F40E64952C76E7F90056C9DC /* Model */,
				F41D6E7D2C7048D600E42466 /* Helper */,
				F41D6E712C7044FD00E42466 /* View */,
				F41D6E6E2C70448900E42466 /* Screen */,
				F4B8C83F2C6CF6E400EE4A61 /* Info.plist */,
				F4B8C80A2C6C9EED00EE4A61 /* studyrecord01App.swift */,
				F4B8C80C2C6C9EED00EE4A61 /* ContentView.swift */,
				F4B8C80E2C6C9EEE00EE4A61 /* Assets.xcassets */,
				F4B8C8102C6C9EEE00EE4A61 /* studyrecord01.entitlements */,
				F4B8C8112C6C9EEE00EE4A61 /* Preview Content */,
				F4B8C8372C6CA01000EE4A61 /* ViewModel.swift */,
				F4B8C8392C6CB35000EE4A61 /* NewPostView.swift */,
				F4B8C83B2C6CEF1000EE4A61 /* DetailView.swift */,
			);
			path = studyrecord01;
			sourceTree = "<group>";
		};
		F4B8C8112C6C9EEE00EE4A61 /* Preview Content */ = {
			isa = PBXGroup;
			children = (
				F4B8C8122C6C9EEE00EE4A61 /* Preview Assets.xcassets */,
			);
			path = "Preview Content";
			sourceTree = "<group>";
		};
		F4B8C81B2C6C9EEE00EE4A61 /* studyrecord01Tests */ = {
			isa = PBXGroup;
			children = (
				F4B8C81C2C6C9EEE00EE4A61 /* studyrecord01Tests.swift */,
			);
			path = studyrecord01Tests;
			sourceTree = "<group>";
		};
		F4B8C8252C6C9EEE00EE4A61 /* studyrecord01UITests */ = {
			isa = PBXGroup;
			children = (
				F4B8C8262C6C9EEE00EE4A61 /* studyrecord01UITests.swift */,
				F4B8C8282C6C9EEE00EE4A61 /* studyrecord01UITestsLaunchTests.swift */,
			);
			path = studyrecord01UITests;
			sourceTree = "<group>";
		};
/* End PBXGroup section */

/* Begin PBXNativeTarget section */
		F4B8C8062C6C9EED00EE4A61 /* studyrecord01 */ = {
			isa = PBXNativeTarget;
			buildConfigurationList = F4B8C82C2C6C9EEE00EE4A61 /* Build configuration list for PBXNativeTarget "studyrecord01" */;
			buildPhases = (
				F4B8C8032C6C9EED00EE4A61 /* Sources */,
				F4B8C8042C6C9EED00EE4A61 /* Frameworks */,
				F4B8C8052C6C9EED00EE4A61 /* Resources */,
			);
			buildRules = (
			);
			dependencies = (
			);
			name = studyrecord01;
			packageProductDependencies = (
				F41D6E7B2C7048A500E42466 /* FirebaseAuth */,
				F41D6E812C704A6D00E42466 /* GoogleSignIn */,
				F41D6E832C704A6D00E42466 /* GoogleSignInSwift */,
			);
			productName = studyrecord01;
			productReference = F4B8C8072C6C9EED00EE4A61 /* studyrecord01.app */;
			productType = "com.apple.product-type.application";
		};
		F4B8C8172C6C9EEE00EE4A61 /* studyrecord01Tests */ = {
			isa = PBXNativeTarget;
			buildConfigurationList = F4B8C82F2C6C9EEE00EE4A61 /* Build configuration list for PBXNativeTarget "studyrecord01Tests" */;
			buildPhases = (
				F4B8C8142C6C9EEE00EE4A61 /* Sources */,
				F4B8C8152C6C9EEE00EE4A61 /* Frameworks */,
				F4B8C8162C6C9EEE00EE4A61 /* Resources */,
			);
			buildRules = (
			);
			dependencies = (
				F4B8C81A2C6C9EEE00EE4A61 /* PBXTargetDependency */,
			);
			name = studyrecord01Tests;
			productName = studyrecord01Tests;
			productReference = F4B8C8182C6C9EEE00EE4A61 /* studyrecord01Tests.xctest */;
			productType = "com.apple.product-type.bundle.unit-test";
		};
		F4B8C8212C6C9EEE00EE4A61 /* studyrecord01UITests */ = {
			isa = PBXNativeTarget;
			buildConfigurationList = F4B8C8322C6C9EEE00EE4A61 /* Build configuration list for PBXNativeTarget "studyrecord01UITests" */;
			buildPhases = (
				F4B8C81E2C6C9EEE00EE4A61 /* Sources */,
				F4B8C81F2C6C9EEE00EE4A61 /* Frameworks */,
				F4B8C8202C6C9EEE00EE4A61 /* Resources */,
			);
			buildRules = (
			);
			dependencies = (
				F4B8C8242C6C9EEE00EE4A61 /* PBXTargetDependency */,
			);
			name = studyrecord01UITests;
			productName = studyrecord01UITests;
			productReference = F4B8C8222C6C9EEE00EE4A61 /* studyrecord01UITests.xctest */;
			productType = "com.apple.product-type.bundle.ui-testing";
		};
/* End PBXNativeTarget section */

/* Begin PBXProject section */
		F4B8C7FF2C6C9EED00EE4A61 /* Project object */ = {
			isa = PBXProject;
			attributes = {
				BuildIndependentTargetsInParallel = 1;
				LastSwiftUpdateCheck = 1540;
				LastUpgradeCheck = 1540;
				TargetAttributes = {
					F4B8C8062C6C9EED00EE4A61 = {
						CreatedOnToolsVersion = 15.4;
					};
					F4B8C8172C6C9EEE00EE4A61 = {
						CreatedOnToolsVersion = 15.4;
						TestTargetID = F4B8C8062C6C9EED00EE4A61;
					};
					F4B8C8212C6C9EEE00EE4A61 = {
						CreatedOnToolsVersion = 15.4;
						TestTargetID = F4B8C8062C6C9EED00EE4A61;
					};
				};
			};
			buildConfigurationList = F4B8C8022C6C9EED00EE4A61 /* Build configuration list for PBXProject "studyrecord01" */;
			compatibilityVersion = "Xcode 14.0";
			developmentRegion = en;
			hasScannedForEncodings = 0;
			knownRegions = (
				en,
				Base,
			);
			mainGroup = F4B8C7FE2C6C9EED00EE4A61;
			packageReferences = (
				F41D6E7A2C7048A500E42466 /* XCRemoteSwiftPackageReference "firebase-ios-sdk" */,
				F41D6E802C704A6D00E42466 /* XCRemoteSwiftPackageReference "GoogleSignin-iOS" */,
			);
			productRefGroup = F4B8C8082C6C9EED00EE4A61 /* Products */;
			projectDirPath = "";
			projectRoot = "";
			targets = (
				F4B8C8062C6C9EED00EE4A61 /* studyrecord01 */,
				F4B8C8172C6C9EEE00EE4A61 /* studyrecord01Tests */,
				F4B8C8212C6C9EEE00EE4A61 /* studyrecord01UITests */,
			);
		};
/* End PBXProject section */

/* Begin PBXResourcesBuildPhase section */
		F4B8C8052C6C9EED00EE4A61 /* Resources */ = {
			isa = PBXResourcesBuildPhase;
			buildActionMask = 2147483647;
			files = (
				F4B8C8132C6C9EEE00EE4A61 /* Preview Assets.xcassets in Resources */,
				F41D6E6D2C7043BE00E42466 /* GoogleService-Info.plist in Resources */,
				F4B8C80F2C6C9EEE00EE4A61 /* Assets.xcassets in Resources */,
			);
			runOnlyForDeploymentPostprocessing = 0;
		};
		F4B8C8162C6C9EEE00EE4A61 /* Resources */ = {
			isa = PBXResourcesBuildPhase;
			buildActionMask = 2147483647;
			files = (
			);
			runOnlyForDeploymentPostprocessing = 0;
		};
		F4B8C8202C6C9EEE00EE4A61 /* Resources */ = {
			isa = PBXResourcesBuildPhase;
			buildActionMask = 2147483647;
			files = (
			);
			runOnlyForDeploymentPostprocessing = 0;
		};
/* End PBXResourcesBuildPhase section */

/* Begin PBXSourcesBuildPhase section */
		F4B8C8032C6C9EED00EE4A61 /* Sources */ = {
			isa = PBXSourcesBuildPhase;
			buildActionMask = 2147483647;
			files = (
				F41D6E7F2C7048EC00E42466 /* AppDelegate.swift in Sources */,
				F40E64972C76E8200056C9DC /* Info.swift in Sources */,
				F41D6E782C70454100E42466 /* CustomTextfield.swift in Sources */,
				F4B8C8362C6C9F5200EE4A61 /* Models.swift in Sources */,
				F4B8C83C2C6CEF1000EE4A61 /* DetailView.swift in Sources */,
				F40E64902C76C7880056C9DC /* ResponsiveView.swift in Sources */,
				F41D6E792C70454100E42466 /* LoginHeader.swift in Sources */,
				F41D6E862C704D2900E42466 /* +View.swift in Sources */,
				F40E64922C76CBF50056C9DC /* Home.swift in Sources */,
				F4B8C80D2C6C9EED00EE4A61 /* ContentView.swift in Sources */,
				F4B8C8382C6CA01000EE4A61 /* ViewModel.swift in Sources */,
				F41D6E732C70452100E42466 /* CustomButton.swift in Sources */,
				F41D6E772C70454100E42466 /* GoogleSiginBtn.swift in Sources */,
				F41D6E702C7044A600E42466 /* LoginScreen.swift in Sources */,
				F4B8C80B2C6C9EED00EE4A61 /* studyrecord01App.swift in Sources */,
				F4B8C83A2C6CB35000EE4A61 /* NewPostView.swift in Sources */,
			);
			runOnlyForDeploymentPostprocessing = 0;
		};
		F4B8C8142C6C9EEE00EE4A61 /* Sources */ = {
			isa = PBXSourcesBuildPhase;
			buildActionMask = 2147483647;
			files = (
				F4B8C81D2C6C9EEE00EE4A61 /* studyrecord01Tests.swift in Sources */,
			);
			runOnlyForDeploymentPostprocessing = 0;
		};
		F4B8C81E2C6C9EEE00EE4A61 /* Sources */ = {
			isa = PBXSourcesBuildPhase;
			buildActionMask = 2147483647;
			files = (
				F4B8C8292C6C9EEE00EE4A61 /* studyrecord01UITestsLaunchTests.swift in Sources */,
				F4B8C8272C6C9EEE00EE4A61 /* studyrecord01UITests.swift in Sources */,
			);
			runOnlyForDeploymentPostprocessing = 0;
		};
/* End PBXSourcesBuildPhase section */

/* Begin PBXTargetDependency section */
		F4B8C81A2C6C9EEE00EE4A61 /* PBXTargetDependency */ = {
			isa = PBXTargetDependency;
			target = F4B8C8062C6C9EED00EE4A61 /* studyrecord01 */;
			targetProxy = F4B8C8192C6C9EEE00EE4A61 /* PBXContainerItemProxy */;
		};
		F4B8C8242C6C9EEE00EE4A61 /* PBXTargetDependency */ = {
			isa = PBXTargetDependency;
			target = F4B8C8062C6C9EED00EE4A61 /* studyrecord01 */;
			targetProxy = F4B8C8232C6C9EEE00EE4A61 /* PBXContainerItemProxy */;
		};
/* End PBXTargetDependency section */

/* Begin XCBuildConfiguration section */
		F4B8C82A2C6C9EEE00EE4A61 /* Debug */ = {
			isa = XCBuildConfiguration;
			buildSettings = {
				ALWAYS_SEARCH_USER_PATHS = NO;
				ASSETCATALOG_COMPILER_GENERATE_SWIFT_ASSET_SYMBOL_EXTENSIONS = YES;
				CLANG_ANALYZER_NONNULL = YES;
				CLANG_ANALYZER_NUMBER_OBJECT_CONVERSION = YES_AGGRESSIVE;
				CLANG_CXX_LANGUAGE_STANDARD = "gnu++20";
				CLANG_ENABLE_MODULES = YES;
				CLANG_ENABLE_OBJC_ARC = YES;
				CLANG_ENABLE_OBJC_WEAK = YES;
				CLANG_WARN_BLOCK_CAPTURE_AUTORELEASING = YES;
				CLANG_WARN_BOOL_CONVERSION = YES;
				CLANG_WARN_COMMA = YES;
				CLANG_WARN_CONSTANT_CONVERSION = YES;
				CLANG_WARN_DEPRECATED_OBJC_IMPLEMENTATIONS = YES;
				CLANG_WARN_DIRECT_OBJC_ISA_USAGE = YES_ERROR;
				CLANG_WARN_DOCUMENTATION_COMMENTS = YES;
				CLANG_WARN_EMPTY_BODY = YES;
				CLANG_WARN_ENUM_CONVERSION = YES;
				CLANG_WARN_INFINITE_RECURSION = YES;
				CLANG_WARN_INT_CONVERSION = YES;
				CLANG_WARN_NON_LITERAL_NULL_CONVERSION = YES;
				CLANG_WARN_OBJC_IMPLICIT_RETAIN_SELF = YES;
				CLANG_WARN_OBJC_LITERAL_CONVERSION = YES;
				CLANG_WARN_OBJC_ROOT_CLASS = YES_ERROR;
				CLANG_WARN_QUOTED_INCLUDE_IN_FRAMEWORK_HEADER = YES;
				CLANG_WARN_RANGE_LOOP_ANALYSIS = YES;
				CLANG_WARN_STRICT_PROTOTYPES = YES;
				CLANG_WARN_SUSPICIOUS_MOVE = YES;
				CLANG_WARN_UNGUARDED_AVAILABILITY = YES_AGGRESSIVE;
				CLANG_WARN_UNREACHABLE_CODE = YES;
				CLANG_WARN__DUPLICATE_METHOD_MATCH = YES;
				COPY_PHASE_STRIP = NO;
				DEBUG_INFORMATION_FORMAT = dwarf;
				ENABLE_STRICT_OBJC_MSGSEND = YES;
				ENABLE_TESTABILITY = YES;
				ENABLE_USER_SCRIPT_SANDBOXING = YES;
				GCC_C_LANGUAGE_STANDARD = gnu17;
				GCC_DYNAMIC_NO_PIC = NO;
				GCC_NO_COMMON_BLOCKS = YES;
				GCC_OPTIMIZATION_LEVEL = 0;
				GCC_PREPROCESSOR_DEFINITIONS = (
					"DEBUG=1",
					"$(inherited)",
				);
				GCC_WARN_64_TO_32_BIT_CONVERSION = YES;
				GCC_WARN_ABOUT_RETURN_TYPE = YES_ERROR;
				GCC_WARN_UNDECLARED_SELECTOR = YES;
				GCC_WARN_UNINITIALIZED_AUTOS = YES_AGGRESSIVE;
				GCC_WARN_UNUSED_FUNCTION = YES;
				GCC_WARN_UNUSED_VARIABLE = YES;
				LOCALIZATION_PREFERS_STRING_CATALOGS = YES;
				MTL_ENABLE_DEBUG_INFO = INCLUDE_SOURCE;
				MTL_FAST_MATH = YES;
				ONLY_ACTIVE_ARCH = YES;
				SWIFT_ACTIVE_COMPILATION_CONDITIONS = "DEBUG $(inherited)";
				SWIFT_OPTIMIZATION_LEVEL = "-Onone";
			};
			name = Debug;
		};
		F4B8C82B2C6C9EEE00EE4A61 /* Release */ = {
			isa = XCBuildConfiguration;
			buildSettings = {
				ALWAYS_SEARCH_USER_PATHS = NO;
				ASSETCATALOG_COMPILER_GENERATE_SWIFT_ASSET_SYMBOL_EXTENSIONS = YES;
				CLANG_ANALYZER_NONNULL = YES;
				CLANG_ANALYZER_NUMBER_OBJECT_CONVERSION = YES_AGGRESSIVE;
				CLANG_CXX_LANGUAGE_STANDARD = "gnu++20";
				CLANG_ENABLE_MODULES = YES;
				CLANG_ENABLE_OBJC_ARC = YES;
				CLANG_ENABLE_OBJC_WEAK = YES;
				CLANG_WARN_BLOCK_CAPTURE_AUTORELEASING = YES;
				CLANG_WARN_BOOL_CONVERSION = YES;
				CLANG_WARN_COMMA = YES;
				CLANG_WARN_CONSTANT_CONVERSION = YES;
				CLANG_WARN_DEPRECATED_OBJC_IMPLEMENTATIONS = YES;
				CLANG_WARN_DIRECT_OBJC_ISA_USAGE = YES_ERROR;
				CLANG_WARN_DOCUMENTATION_COMMENTS = YES;
				CLANG_WARN_EMPTY_BODY = YES;
				CLANG_WARN_ENUM_CONVERSION = YES;
				CLANG_WARN_INFINITE_RECURSION = YES;
				CLANG_WARN_INT_CONVERSION = YES;
				CLANG_WARN_NON_LITERAL_NULL_CONVERSION = YES;
				CLANG_WARN_OBJC_IMPLICIT_RETAIN_SELF = YES;
				CLANG_WARN_OBJC_LITERAL_CONVERSION = YES;
				CLANG_WARN_OBJC_ROOT_CLASS = YES_ERROR;
				CLANG_WARN_QUOTED_INCLUDE_IN_FRAMEWORK_HEADER = YES;
				CLANG_WARN_RANGE_LOOP_ANALYSIS = YES;
				CLANG_WARN_STRICT_PROTOTYPES = YES;
				CLANG_WARN_SUSPICIOUS_MOVE = YES;
				CLANG_WARN_UNGUARDED_AVAILABILITY = YES_AGGRESSIVE;
				CLANG_WARN_UNREACHABLE_CODE = YES;
				CLANG_WARN__DUPLICATE_METHOD_MATCH = YES;
				COPY_PHASE_STRIP = NO;
				DEBUG_INFORMATION_FORMAT = "dwarf-with-dsym";
				ENABLE_NS_ASSERTIONS = NO;
				ENABLE_STRICT_OBJC_MSGSEND = YES;
				ENABLE_USER_SCRIPT_SANDBOXING = YES;
				GCC_C_LANGUAGE_STANDARD = gnu17;
				GCC_NO_COMMON_BLOCKS = YES;
				GCC_WARN_64_TO_32_BIT_CONVERSION = YES;
				GCC_WARN_ABOUT_RETURN_TYPE = YES_ERROR;
				GCC_WARN_UNDECLARED_SELECTOR = YES;
				GCC_WARN_UNINITIALIZED_AUTOS = YES_AGGRESSIVE;
				GCC_WARN_UNUSED_FUNCTION = YES;
				GCC_WARN_UNUSED_VARIABLE = YES;
				LOCALIZATION_PREFERS_STRING_CATALOGS = YES;
				MTL_ENABLE_DEBUG_INFO = NO;
				MTL_FAST_MATH = YES;
				SWIFT_COMPILATION_MODE = wholemodule;
			};
			name = Release;
		};
		F4B8C82D2C6C9EEE00EE4A61 /* Debug */ = {
			isa = XCBuildConfiguration;
			buildSettings = {
				ASSETCATALOG_COMPILER_APPICON_NAME = AppIcon;
				ASSETCATALOG_COMPILER_GLOBAL_ACCENT_COLOR_NAME = AccentColor;
				CLANG_USE_OPTIMIZATION_PROFILE = YES;
				CODE_SIGN_ENTITLEMENTS = studyrecord01/studyrecord01.entitlements;
				CODE_SIGN_IDENTITY = "Apple Development";
				CODE_SIGN_STYLE = Automatic;
				CURRENT_PROJECT_VERSION = 1;
				DEVELOPMENT_ASSET_PATHS = "\"studyrecord01/Preview Content\"";
				DEVELOPMENT_TEAM = Z5A68NKP74;
				ENABLE_PREVIEWS = YES;
				GENERATE_INFOPLIST_FILE = YES;
				INFOPLIST_FILE = studyrecord01/Info.plist;
				"INFOPLIST_KEY_UIApplicationSceneManifest_Generation[sdk=iphoneos*]" = YES;
				"INFOPLIST_KEY_UIApplicationSceneManifest_Generation[sdk=iphonesimulator*]" = YES;
				"INFOPLIST_KEY_UIApplicationSupportsIndirectInputEvents[sdk=iphoneos*]" = YES;
				"INFOPLIST_KEY_UIApplicationSupportsIndirectInputEvents[sdk=iphonesimulator*]" = YES;
				"INFOPLIST_KEY_UILaunchScreen_Generation[sdk=iphoneos*]" = YES;
				"INFOPLIST_KEY_UILaunchScreen_Generation[sdk=iphonesimulator*]" = YES;
				"INFOPLIST_KEY_UIStatusBarStyle[sdk=iphoneos*]" = UIStatusBarStyleDefault;
				"INFOPLIST_KEY_UIStatusBarStyle[sdk=iphonesimulator*]" = UIStatusBarStyleDefault;
				INFOPLIST_KEY_UISupportedInterfaceOrientations_iPad = "UIInterfaceOrientationPortrait UIInterfaceOrientationPortraitUpsideDown UIInterfaceOrientationLandscapeLeft UIInterfaceOrientationLandscapeRight";
				INFOPLIST_KEY_UISupportedInterfaceOrientations_iPhone = "UIInterfaceOrientationPortrait UIInterfaceOrientationLandscapeLeft UIInterfaceOrientationLandscapeRight";
				IPHONEOS_DEPLOYMENT_TARGET = 17.5;
				LD_RUNPATH_SEARCH_PATHS = "@executable_path/Frameworks";
				"LD_RUNPATH_SEARCH_PATHS[sdk=macosx*]" = "@executable_path/../Frameworks";
				MACOSX_DEPLOYMENT_TARGET = 14.5;
				MARKETING_VERSION = 1.0;
				PRODUCT_BUNDLE_IDENTIFIER = summa4sw.studyrecord01;
				PRODUCT_NAME = "$(TARGET_NAME)";
				PROVISIONING_PROFILE_SPECIFIER = "";
				SDKROOT = auto;
				SUPPORTED_PLATFORMS = "iphoneos iphonesimulator macosx";
				SWIFT_EMIT_LOC_STRINGS = YES;
				SWIFT_VERSION = 5.0;
				TARGETED_DEVICE_FAMILY = "1,2";
			};
			name = Debug;
		};
		F4B8C82E2C6C9EEE00EE4A61 /* Release */ = {
			isa = XCBuildConfiguration;
			buildSettings = {
				ASSETCATALOG_COMPILER_APPICON_NAME = AppIcon;
				ASSETCATALOG_COMPILER_GLOBAL_ACCENT_COLOR_NAME = AccentColor;
				CLANG_USE_OPTIMIZATION_PROFILE = YES;
				CODE_SIGN_ENTITLEMENTS = studyrecord01/studyrecord01.entitlements;
				CODE_SIGN_IDENTITY = "Apple Development";
				CODE_SIGN_STYLE = Automatic;
				CURRENT_PROJECT_VERSION = 1;
				DEVELOPMENT_ASSET_PATHS = "\"studyrecord01/Preview Content\"";
				DEVELOPMENT_TEAM = Z5A68NKP74;
				ENABLE_PREVIEWS = YES;
				GENERATE_INFOPLIST_FILE = YES;
				INFOPLIST_FILE = studyrecord01/Info.plist;
				"INFOPLIST_KEY_UIApplicationSceneManifest_Generation[sdk=iphoneos*]" = YES;
				"INFOPLIST_KEY_UIApplicationSceneManifest_Generation[sdk=iphonesimulator*]" = YES;
				"INFOPLIST_KEY_UIApplicationSupportsIndirectInputEvents[sdk=iphoneos*]" = YES;
				"INFOPLIST_KEY_UIApplicationSupportsIndirectInputEvents[sdk=iphonesimulator*]" = YES;
				"INFOPLIST_KEY_UILaunchScreen_Generation[sdk=iphoneos*]" = YES;
				"INFOPLIST_KEY_UILaunchScreen_Generation[sdk=iphonesimulator*]" = YES;
				"INFOPLIST_KEY_UIStatusBarStyle[sdk=iphoneos*]" = UIStatusBarStyleDefault;
				"INFOPLIST_KEY_UIStatusBarStyle[sdk=iphonesimulator*]" = UIStatusBarStyleDefault;
				INFOPLIST_KEY_UISupportedInterfaceOrientations_iPad = "UIInterfaceOrientationPortrait UIInterfaceOrientationPortraitUpsideDown UIInterfaceOrientationLandscapeLeft UIInterfaceOrientationLandscapeRight";
				INFOPLIST_KEY_UISupportedInterfaceOrientations_iPhone = "UIInterfaceOrientationPortrait UIInterfaceOrientationLandscapeLeft UIInterfaceOrientationLandscapeRight";
				IPHONEOS_DEPLOYMENT_TARGET = 17.5;
				LD_RUNPATH_SEARCH_PATHS = "@executable_path/Frameworks";
				"LD_RUNPATH_SEARCH_PATHS[sdk=macosx*]" = "@executable_path/../Frameworks";
				MACOSX_DEPLOYMENT_TARGET = 14.5;
				MARKETING_VERSION = 1.0;
				PRODUCT_BUNDLE_IDENTIFIER = summa4sw.studyrecord01;
				PRODUCT_NAME = "$(TARGET_NAME)";
				PROVISIONING_PROFILE_SPECIFIER = "";
				SDKROOT = auto;
				SUPPORTED_PLATFORMS = "iphoneos iphonesimulator macosx";
				SWIFT_EMIT_LOC_STRINGS = YES;
				SWIFT_VERSION = 5.0;
				TARGETED_DEVICE_FAMILY = "1,2";
			};
			name = Release;
		};
		F4B8C8302C6C9EEE00EE4A61 /* Debug */ = {
			isa = XCBuildConfiguration;
			buildSettings = {
				ALWAYS_EMBED_SWIFT_STANDARD_LIBRARIES = YES;
				BUNDLE_LOADER = "$(TEST_HOST)";
				CODE_SIGN_STYLE = Automatic;
				CURRENT_PROJECT_VERSION = 1;
				GENERATE_INFOPLIST_FILE = YES;
				IPHONEOS_DEPLOYMENT_TARGET = 17.5;
				MACOSX_DEPLOYMENT_TARGET = 14.5;
				MARKETING_VERSION = 1.0;
				PRODUCT_BUNDLE_IDENTIFIER = summa4sw.studyrecord01Tests;
				PRODUCT_NAME = "$(TARGET_NAME)";
				SDKROOT = auto;
				SUPPORTED_PLATFORMS = "iphoneos iphonesimulator macosx";
				SWIFT_EMIT_LOC_STRINGS = NO;
				SWIFT_VERSION = 5.0;
				TARGETED_DEVICE_FAMILY = "1,2";
				TEST_HOST = "$(BUILT_PRODUCTS_DIR)/studyrecord01.app/$(BUNDLE_EXECUTABLE_FOLDER_PATH)/studyrecord01";
			};
			name = Debug;
		};
		F4B8C8312C6C9EEE00EE4A61 /* Release */ = {
			isa = XCBuildConfiguration;
			buildSettings = {
				ALWAYS_EMBED_SWIFT_STANDARD_LIBRARIES = YES;
				BUNDLE_LOADER = "$(TEST_HOST)";
				CODE_SIGN_STYLE = Automatic;
				CURRENT_PROJECT_VERSION = 1;
				GENERATE_INFOPLIST_FILE = YES;
				IPHONEOS_DEPLOYMENT_TARGET = 17.5;
				MACOSX_DEPLOYMENT_TARGET = 14.5;
				MARKETING_VERSION = 1.0;
				PRODUCT_BUNDLE_IDENTIFIER = summa4sw.studyrecord01Tests;
				PRODUCT_NAME = "$(TARGET_NAME)";
				SDKROOT = auto;
				SUPPORTED_PLATFORMS = "iphoneos iphonesimulator macosx";
				SWIFT_EMIT_LOC_STRINGS = NO;
				SWIFT_VERSION = 5.0;
				TARGETED_DEVICE_FAMILY = "1,2";
				TEST_HOST = "$(BUILT_PRODUCTS_DIR)/studyrecord01.app/$(BUNDLE_EXECUTABLE_FOLDER_PATH)/studyrecord01";
			};
			name = Release;
		};
		F4B8C8332C6C9EEE00EE4A61 /* Debug */ = {
			isa = XCBuildConfiguration;
			buildSettings = {
				ALWAYS_EMBED_SWIFT_STANDARD_LIBRARIES = YES;
				CODE_SIGN_STYLE = Automatic;
				CURRENT_PROJECT_VERSION = 1;
				GENERATE_INFOPLIST_FILE = YES;
				IPHONEOS_DEPLOYMENT_TARGET = 17.5;
				MACOSX_DEPLOYMENT_TARGET = 14.5;
				MARKETING_VERSION = 1.0;
				PRODUCT_BUNDLE_IDENTIFIER = summa4sw.studyrecord01UITests;
				PRODUCT_NAME = "$(TARGET_NAME)";
				SDKROOT = auto;
				SUPPORTED_PLATFORMS = "iphoneos iphonesimulator macosx";
				SWIFT_EMIT_LOC_STRINGS = NO;
				SWIFT_VERSION = 5.0;
				TARGETED_DEVICE_FAMILY = "1,2";
				TEST_TARGET_NAME = studyrecord01;
			};
			name = Debug;
		};
		F4B8C8342C6C9EEE00EE4A61 /* Release */ = {
			isa = XCBuildConfiguration;
			buildSettings = {
				ALWAYS_EMBED_SWIFT_STANDARD_LIBRARIES = YES;
				CODE_SIGN_STYLE = Automatic;
				CURRENT_PROJECT_VERSION = 1;
				GENERATE_INFOPLIST_FILE = YES;
				IPHONEOS_DEPLOYMENT_TARGET = 17.5;
				MACOSX_DEPLOYMENT_TARGET = 14.5;
				MARKETING_VERSION = 1.0;
				PRODUCT_BUNDLE_IDENTIFIER = summa4sw.studyrecord01UITests;
				PRODUCT_NAME = "$(TARGET_NAME)";
				SDKROOT = auto;
				SUPPORTED_PLATFORMS = "iphoneos iphonesimulator macosx";
				SWIFT_EMIT_LOC_STRINGS = NO;
				SWIFT_VERSION = 5.0;
				TARGETED_DEVICE_FAMILY = "1,2";
				TEST_TARGET_NAME = studyrecord01;
			};
			name = Release;
		};
/* End XCBuildConfiguration section */

/* Begin XCConfigurationList section */
		F4B8C8022C6C9EED00EE4A61 /* Build configuration list for PBXProject "studyrecord01" */ = {
			isa = XCConfigurationList;
			buildConfigurations = (
				F4B8C82A2C6C9EEE00EE4A61 /* Debug */,
				F4B8C82B2C6C9EEE00EE4A61 /* Release */,
			);
			defaultConfigurationIsVisible = 0;
			defaultConfigurationName = Release;
		};
		F4B8C82C2C6C9EEE00EE4A61 /* Build configuration list for PBXNativeTarget "studyrecord01" */ = {
			isa = XCConfigurationList;
			buildConfigurations = (
				F4B8C82D2C6C9EEE00EE4A61 /* Debug */,
				F4B8C82E2C6C9EEE00EE4A61 /* Release */,
			);
			defaultConfigurationIsVisible = 0;
			defaultConfigurationName = Release;
		};
		F4B8C82F2C6C9EEE00EE4A61 /* Build configuration list for PBXNativeTarget "studyrecord01Tests" */ = {
			isa = XCConfigurationList;
			buildConfigurations = (
				F4B8C8302C6C9EEE00EE4A61 /* Debug */,
				F4B8C8312C6C9EEE00EE4A61 /* Release */,
			);
			defaultConfigurationIsVisible = 0;
			defaultConfigurationName = Release;
		};
		F4B8C8322C6C9EEE00EE4A61 /* Build configuration list for PBXNativeTarget "studyrecord01UITests" */ = {
			isa = XCConfigurationList;
			buildConfigurations = (
				F4B8C8332C6C9EEE00EE4A61 /* Debug */,
				F4B8C8342C6C9EEE00EE4A61 /* Release */,
			);
			defaultConfigurationIsVisible = 0;
			defaultConfigurationName = Release;
		};
/* End XCConfigurationList section */

/* Begin XCRemoteSwiftPackageReference section */
		F41D6E7A2C7048A500E42466 /* XCRemoteSwiftPackageReference "firebase-ios-sdk" */ = {
			isa = XCRemoteSwiftPackageReference;
			repositoryURL = "https://github.com/firebase/firebase-ios-sdk";
			requirement = {
				kind = upToNextMajorVersion;
				minimumVersion = 11.0.0;
			};
		};
		F41D6E802C704A6D00E42466 /* XCRemoteSwiftPackageReference "GoogleSignin-iOS" */ = {
			isa = XCRemoteSwiftPackageReference;
			repositoryURL = "https://github.com/google/GoogleSignin-iOS";
			requirement = {
				kind = upToNextMajorVersion;
				minimumVersion = 8.0.0;
			};
		};
/* End XCRemoteSwiftPackageReference section */

/* Begin XCSwiftPackageProductDependency section */
		F41D6E7B2C7048A500E42466 /* FirebaseAuth */ = {
			isa = XCSwiftPackageProductDependency;
			package = F41D6E7A2C7048A500E42466 /* XCRemoteSwiftPackageReference "firebase-ios-sdk" */;
			productName = FirebaseAuth;
		};
		F41D6E812C704A6D00E42466 /* GoogleSignIn */ = {
			isa = XCSwiftPackageProductDependency;
			package = F41D6E802C704A6D00E42466 /* XCRemoteSwiftPackageReference "GoogleSignin-iOS" */;
			productName = GoogleSignIn;
		};
		F41D6E832C704A6D00E42466 /* GoogleSignInSwift */ = {
			isa = XCSwiftPackageProductDependency;
			package = F41D6E802C704A6D00E42466 /* XCRemoteSwiftPackageReference "GoogleSignin-iOS" */;
			productName = GoogleSignInSwift;
		};
/* End XCSwiftPackageProductDependency section */
	};
	rootObject = F4B8C7FF2C6C9EED00EE4A61 /* Project object */;
}
